
Microsoft Visual Studio Solution File, Format Version 12.00
Project("{FAE04EC0-301F-11D3-BF4B-00C04F79EFBC}") = "WePrepClass.Domain", "WePrepClass.Domain\WePrepClass.Domain.csproj", "{715D3849-6544-4313-80FD-9B7351B28F59}"
EndProject
Project("{2150E333-8FDC-42A3-9474-1A3956D46DE8}") = "BuildingBlocks", "BuildingBlocks", "{9B012429-21ED-457C-957D-ADF6FE251B63}"
EndProject
Project("{2150E333-8FDC-42A3-9474-1A3956D46DE8}") = "Src", "Src", "{9B3499EE-A6D8-4AC8-B0C2-31984B4527EE}"
EndProject
Project("{FAE04EC0-301F-11D3-BF4B-00C04F79EFBC}") = "WePrepClass.Application", "WePrepClass.Application\WePrepClass.Application.csproj", "{A1681A8A-4C62-49D0-BF7A-18E4853DE53D}"
EndProject
Project("{FAE04EC0-301F-11D3-BF4B-00C04F79EFBC}") = "WePrepClass.Infrastructure", "WePrepClass.Infrastructure\WePrepClass.Infrastructure.csproj", "{C9923B1F-C404-49F5-A179-16D0E2109E82}"
EndProject
Project("{FAE04EC0-301F-11D3-BF4B-00C04F79EFBC}") = "WePrepClass.Persistence", "WePrepClass.Persistence\WePrepClass.Persistence.csproj", "{366AE14C-FA93-4A92-8259-A3C57FBA39A5}"
EndProject
Project("{FAE04EC0-301F-11D3-BF4B-00C04F79EFBC}") = "WePrepClass.Api", "WePrepClass.Api\WePrepClass.Api.csproj", "{24459016-C71E-426B-A96E-1BBA2B6C3D0A}"
EndProject
Project("{FAE04EC0-301F-11D3-BF4B-00C04F79EFBC}") = "Matt.SharedKernel", "Matt.SharedKernel\Matt.SharedKernel.csproj", "{090E35FA-A3B0-4377-BEA7-11F1260601AC}"
EndProject
Project("{FAE04EC0-301F-11D3-BF4B-00C04F79EFBC}") = "Matt.ResultObject", "Matt.ResultObject\Matt.ResultObject.csproj", "{4D691C75-1D2F-4086-A051-34D6705ED36A}"
EndProject
Project("{FAE04EC0-301F-11D3-BF4B-00C04F79EFBC}") = "Matt.Paginated", "Matt.Paginated\Matt.Paginated.csproj", "{98D9BE5F-1B58-4189-80F2-C4774F28AD4C}"
EndProject
Project("{FAE04EC0-301F-11D3-BF4B-00C04F79EFBC}") = "Matt.AutoDI", "Matt.AutoDI\Matt.AutoDI.csproj", "{D4AEA5EF-5C29-4F06-9CFC-7BA85C9221DF}"
EndProject
Project("{FAE04EC0-301F-11D3-BF4B-00C04F79EFBC}") = "Matt.Auditing", "Matt.Auditing\Matt.Auditing.csproj", "{F600E0D2-FB7E-4B0B-A920-2F7E561661D5}"
EndProject
Project("{2150E333-8FDC-42A3-9474-1A3956D46DE8}") = "Test", "Test", "{D87B29BC-E606-4D07-950D-8FFA638A5648}"
EndProject
Project("{2150E333-8FDC-42A3-9474-1A3956D46DE8}") = "Aspire", "Aspire", "{22B4208C-8676-4B7B-A6A4-559095583E37}"
EndProject
Project("{FAE04EC0-301F-11D3-BF4B-00C04F79EFBC}") = "WePrepClass.Aspire.AppHost", "WePrepClass.Aspire\WePrepClass.Aspire.AppHost\WePrepClass.Aspire.AppHost.csproj", "{68B194EF-88E6-4747-A361-4194E6008D5E}"
EndProject
Project("{FAE04EC0-301F-11D3-BF4B-00C04F79EFBC}") = "WePrepClass.Aspire.ServiceDefaults", "WePrepClass.Aspire\WePrepClass.Aspire.ServiceDefaults\WePrepClass.Aspire.ServiceDefaults.csproj", "{655E0801-DADA-4B6A-845D-9D1DB64F3D0A}"
EndProject
Project("{FAE04EC0-301F-11D3-BF4B-00C04F79EFBC}") = "WePrepClass.Contracts", "WePrepClass.Contracts\WePrepClass.Contracts.csproj", "{93D938AF-8C8E-4737-A080-9DB0F6FD86C1}"
EndProject
Global
	GlobalSection(SolutionConfigurationPlatforms) = preSolution
		Debug|Any CPU = Debug|Any CPU
		Release|Any CPU = Release|Any CPU
	EndGlobalSection
	GlobalSection(ProjectConfigurationPlatforms) = postSolution
		{715D3849-6544-4313-80FD-9B7351B28F59}.Debug|Any CPU.ActiveCfg = Debug|Any CPU
		{715D3849-6544-4313-80FD-9B7351B28F59}.Debug|Any CPU.Build.0 = Debug|Any CPU
		{715D3849-6544-4313-80FD-9B7351B28F59}.Release|Any CPU.ActiveCfg = Release|Any CPU
		{715D3849-6544-4313-80FD-9B7351B28F59}.Release|Any CPU.Build.0 = Release|Any CPU
		{7FDDA77C-892C-474F-A698-5C2BBE4A766B}.Debug|Any CPU.ActiveCfg = Debug|Any CPU
		{7FDDA77C-892C-474F-A698-5C2BBE4A766B}.Debug|Any CPU.Build.0 = Debug|Any CPU
		{7FDDA77C-892C-474F-A698-5C2BBE4A766B}.Release|Any CPU.ActiveCfg = Release|Any CPU
		{7FDDA77C-892C-474F-A698-5C2BBE4A766B}.Release|Any CPU.Build.0 = Release|Any CPU
		{A1681A8A-4C62-49D0-BF7A-18E4853DE53D}.Debug|Any CPU.ActiveCfg = Debug|Any CPU
		{A1681A8A-4C62-49D0-BF7A-18E4853DE53D}.Debug|Any CPU.Build.0 = Debug|Any CPU
		{A1681A8A-4C62-49D0-BF7A-18E4853DE53D}.Release|Any CPU.ActiveCfg = Release|Any CPU
		{A1681A8A-4C62-49D0-BF7A-18E4853DE53D}.Release|Any CPU.Build.0 = Release|Any CPU
		{45913267-46A8-4304-9E0F-D2ABD2B3C13E}.Debug|Any CPU.ActiveCfg = Debug|Any CPU
		{45913267-46A8-4304-9E0F-D2ABD2B3C13E}.Debug|Any CPU.Build.0 = Debug|Any CPU
		{45913267-46A8-4304-9E0F-D2ABD2B3C13E}.Release|Any CPU.ActiveCfg = Release|Any CPU
		{45913267-46A8-4304-9E0F-D2ABD2B3C13E}.Release|Any CPU.Build.0 = Release|Any CPU
		{C9923B1F-C404-49F5-A179-16D0E2109E82}.Debug|Any CPU.ActiveCfg = Debug|Any CPU
		{C9923B1F-C404-49F5-A179-16D0E2109E82}.Debug|Any CPU.Build.0 = Debug|Any CPU
		{C9923B1F-C404-49F5-A179-16D0E2109E82}.Release|Any CPU.ActiveCfg = Release|Any CPU
		{C9923B1F-C404-49F5-A179-16D0E2109E82}.Release|Any CPU.Build.0 = Release|Any CPU
		{366AE14C-FA93-4A92-8259-A3C57FBA39A5}.Debug|Any CPU.ActiveCfg = Debug|Any CPU
		{366AE14C-FA93-4A92-8259-A3C57FBA39A5}.Debug|Any CPU.Build.0 = Debug|Any CPU
		{366AE14C-FA93-4A92-8259-A3C57FBA39A5}.Release|Any CPU.ActiveCfg = Release|Any CPU
		{366AE14C-FA93-4A92-8259-A3C57FBA39A5}.Release|Any CPU.Build.0 = Release|Any CPU
		{24459016-C71E-426B-A96E-1BBA2B6C3D0A}.Debug|Any CPU.ActiveCfg = Debug|Any CPU
		{24459016-C71E-426B-A96E-1BBA2B6C3D0A}.Debug|Any CPU.Build.0 = Debug|Any CPU
		{24459016-C71E-426B-A96E-1BBA2B6C3D0A}.Release|Any CPU.ActiveCfg = Release|Any CPU
		{24459016-C71E-426B-A96E-1BBA2B6C3D0A}.Release|Any CPU.Build.0 = Release|Any CPU
		{1E78E0D1-0AD0-4192-8B56-8D35F7FAC579}.Debug|Any CPU.ActiveCfg = Debug|Any CPU
		{1E78E0D1-0AD0-4192-8B56-8D35F7FAC579}.Debug|Any CPU.Build.0 = Debug|Any CPU
		{1E78E0D1-0AD0-4192-8B56-8D35F7FAC579}.Release|Any CPU.ActiveCfg = Release|Any CPU
		{1E78E0D1-0AD0-4192-8B56-8D35F7FAC579}.Release|Any CPU.Build.0 = Release|Any CPU
		{090E35FA-A3B0-4377-BEA7-11F1260601AC}.Debug|Any CPU.ActiveCfg = Debug|Any CPU
		{090E35FA-A3B0-4377-BEA7-11F1260601AC}.Debug|Any CPU.Build.0 = Debug|Any CPU
		{090E35FA-A3B0-4377-BEA7-11F1260601AC}.Release|Any CPU.ActiveCfg = Release|Any CPU
		{090E35FA-A3B0-4377-BEA7-11F1260601AC}.Release|Any CPU.Build.0 = Release|Any CPU
		{4D691C75-1D2F-4086-A051-34D6705ED36A}.Debug|Any CPU.ActiveCfg = Debug|Any CPU
		{4D691C75-1D2F-4086-A051-34D6705ED36A}.Debug|Any CPU.Build.0 = Debug|Any CPU
		{4D691C75-1D2F-4086-A051-34D6705ED36A}.Release|Any CPU.ActiveCfg = Release|Any CPU
		{4D691C75-1D2F-4086-A051-34D6705ED36A}.Release|Any CPU.Build.0 = Release|Any CPU
		{98D9BE5F-1B58-4189-80F2-C4774F28AD4C}.Debug|Any CPU.ActiveCfg = Debug|Any CPU
		{98D9BE5F-1B58-4189-80F2-C4774F28AD4C}.Debug|Any CPU.Build.0 = Debug|Any CPU
		{98D9BE5F-1B58-4189-80F2-C4774F28AD4C}.Release|Any CPU.ActiveCfg = Release|Any CPU
		{98D9BE5F-1B58-4189-80F2-C4774F28AD4C}.Release|Any CPU.Build.0 = Release|Any CPU
		{D4AEA5EF-5C29-4F06-9CFC-7BA85C9221DF}.Debug|Any CPU.ActiveCfg = Debug|Any CPU
		{D4AEA5EF-5C29-4F06-9CFC-7BA85C9221DF}.Debug|Any CPU.Build.0 = Debug|Any CPU
		{D4AEA5EF-5C29-4F06-9CFC-7BA85C9221DF}.Release|Any CPU.ActiveCfg = Release|Any CPU
		{D4AEA5EF-5C29-4F06-9CFC-7BA85C9221DF}.Release|Any CPU.Build.0 = Release|Any CPU
		{F600E0D2-FB7E-4B0B-A920-2F7E561661D5}.Debug|Any CPU.ActiveCfg = Debug|Any CPU
		{F600E0D2-FB7E-4B0B-A920-2F7E561661D5}.Debug|Any CPU.Build.0 = Debug|Any CPU
		{F600E0D2-FB7E-4B0B-A920-2F7E561661D5}.Release|Any CPU.ActiveCfg = Release|Any CPU
		{F600E0D2-FB7E-4B0B-A920-2F7E561661D5}.Release|Any CPU.Build.0 = Release|Any CPU
		{68B194EF-88E6-4747-A361-4194E6008D5E}.Debug|Any CPU.ActiveCfg = Debug|Any CPU
		{68B194EF-88E6-4747-A361-4194E6008D5E}.Debug|Any CPU.Build.0 = Debug|Any CPU
		{68B194EF-88E6-4747-A361-4194E6008D5E}.Release|Any CPU.ActiveCfg = Release|Any CPU
		{68B194EF-88E6-4747-A361-4194E6008D5E}.Release|Any CPU.Build.0 = Release|Any CPU
		{655E0801-DADA-4B6A-845D-9D1DB64F3D0A}.Debug|Any CPU.ActiveCfg = Debug|Any CPU
		{655E0801-DADA-4B6A-845D-9D1DB64F3D0A}.Debug|Any CPU.Build.0 = Debug|Any CPU
		{655E0801-DADA-4B6A-845D-9D1DB64F3D0A}.Release|Any CPU.ActiveCfg = Release|Any CPU
		{655E0801-DADA-4B6A-845D-9D1DB64F3D0A}.Release|Any CPU.Build.0 = Release|Any CPU
		{93D938AF-8C8E-4737-A080-9DB0F6FD86C1}.Debug|Any CPU.ActiveCfg = Debug|Any CPU
		{93D938AF-8C8E-4737-A080-9DB0F6FD86C1}.Debug|Any CPU.Build.0 = Debug|Any CPU
		{93D938AF-8C8E-4737-A080-9DB0F6FD86C1}.Release|Any CPU.ActiveCfg = Release|Any CPU
		{93D938AF-8C8E-4737-A080-9DB0F6FD86C1}.Release|Any CPU.Build.0 = Release|Any CPU
	EndGlobalSection
	GlobalSection(NestedProjects) = preSolution
		{7FDDA77C-892C-474F-A698-5C2BBE4A766B} = {9B012429-21ED-457C-957D-ADF6FE251B63}
		{715D3849-6544-4313-80FD-9B7351B28F59} = {9B3499EE-A6D8-4AC8-B0C2-31984B4527EE}
		{A1681A8A-4C62-49D0-BF7A-18E4853DE53D} = {9B3499EE-A6D8-4AC8-B0C2-31984B4527EE}
		{45913267-46A8-4304-9E0F-D2ABD2B3C13E} = {9B012429-21ED-457C-957D-ADF6FE251B63}
		{C9923B1F-C404-49F5-A179-16D0E2109E82} = {9B3499EE-A6D8-4AC8-B0C2-31984B4527EE}
		{366AE14C-FA93-4A92-8259-A3C57FBA39A5} = {9B3499EE-A6D8-4AC8-B0C2-31984B4527EE}
		{24459016-C71E-426B-A96E-1BBA2B6C3D0A} = {9B3499EE-A6D8-4AC8-B0C2-31984B4527EE}
		{1E78E0D1-0AD0-4192-8B56-8D35F7FAC579} = {9B012429-21ED-457C-957D-ADF6FE251B63}
		{090E35FA-A3B0-4377-BEA7-11F1260601AC} = {9B012429-21ED-457C-957D-ADF6FE251B63}
		{4D691C75-1D2F-4086-A051-34D6705ED36A} = {9B012429-21ED-457C-957D-ADF6FE251B63}
		{F600E0D2-FB7E-4B0B-A920-2F7E561661D5} = {9B012429-21ED-457C-957D-ADF6FE251B63}
		{D4AEA5EF-5C29-4F06-9CFC-7BA85C9221DF} = {9B012429-21ED-457C-957D-ADF6FE251B63}
		{98D9BE5F-1B58-4189-80F2-C4774F28AD4C} = {9B012429-21ED-457C-957D-ADF6FE251B63}
		{68B194EF-88E6-4747-A361-4194E6008D5E} = {22B4208C-8676-4B7B-A6A4-559095583E37}
		{655E0801-DADA-4B6A-845D-9D1DB64F3D0A} = {22B4208C-8676-4B7B-A6A4-559095583E37}
		{93D938AF-8C8E-4737-A080-9DB0F6FD86C1} = {9B3499EE-A6D8-4AC8-B0C2-31984B4527EE}
	EndGlobalSection
EndGlobal
